// !$*UTF8*$!
{
	archiveVersion = 1;
	classes = {
	};
	objectVersion = 46;
	objects = {

/* Begin PBXBuildFile section */
		D004A53D16BC63A8001FAF9F /* main.c in Sources */ = {isa = PBXBuildFile; fileRef = D004A53C16BC63A8001FAF9F /* main.c */; };
		D004A54816BC641A001FAF9F /* lh_httpd.c in Sources */ = {isa = PBXBuildFile; fileRef = D004A54616BC6419001FAF9F /* lh_httpd.c */; };
		D004A54B16BC66CD001FAF9F /* www in CopyFiles */ = {isa = PBXBuildFile; fileRef = D004A54A16BC66CD001FAF9F /* www */; };
		D032519316BDB95300B9EE03 /* libiconv.2.dylib in Frameworks */ = {isa = PBXBuildFile; fileRef = D032519216BDB95300B9EE03 /* libiconv.2.dylib */; };
/* End PBXBuildFile section */

/* Begin PBXCopyFilesBuildPhase section */
		D004A53616BC63A8001FAF9F /* CopyFiles */ = {
			isa = PBXCopyFilesBuildPhase;
			buildActionMask = 12;
			dstPath = "";
			dstSubfolderSpec = 16;
			files = (
				D004A54B16BC66CD001FAF9F /* www in CopyFiles */,
			);
			runOnlyForDeploymentPostprocessing = 0;
		};
/* End PBXCopyFilesBuildPhase section */

/* Begin PBXFileReference section */
		D004A53816BC63A8001FAF9F /* console */ = {isa = PBXFileReference; explicitFileType = "compiled.mach-o.executable"; includeInIndex = 0; path = console; sourceTree = BUILT_PRODUCTS_DIR; };
		D004A53C16BC63A8001FAF9F /* main.c */ = {isa = PBXFileReference; lastKnownFileType = sourcecode.c.c; path = main.c; sourceTree = "<group>"; };
		D004A54616BC6419001FAF9F /* lh_httpd.c */ = {isa = PBXFileReference; fileEncoding = 4; lastKnownFileType = sourcecode.c.c; name = lh_httpd.c; path = ../../../../src/lh_httpd.c; sourceTree = "<group>"; };
		D004A54716BC6419001FAF9F /* lh_httpd.h */ = {isa = PBXFileReference; fileEncoding = 4; lastKnownFileType = sourcecode.c.h; name = lh_httpd.h; path = ../../../../src/lh_httpd.h; sourceTree = "<group>"; };
		D004A54A16BC66CD001FAF9F /* www */ = {isa = PBXFileReference; lastKnownFileType = folder; name = www; path = ../../app_resource/www; sourceTree = "<group>"; };
		D032519216BDB95300B9EE03 /* libiconv.2.dylib */ = {isa = PBXFileReference; lastKnownFileType = "compiled.mach-o.dylib"; name = libiconv.2.dylib; path = usr/lib/libiconv.2.dylib; sourceTree = SDKROOT; };
/* End PBXFileReference section */

/* Begin PBXFrameworksBuildPhase section */
		D004A53516BC63A8001FAF9F /* Frameworks */ = {
			isa = PBXFrameworksBuildPhase;
			buildActionMask = 2147483647;
			files = (
				D032519316BDB95300B9EE03 /* libiconv.2.dylib in Frameworks */,
			);
			runOnlyForDeploymentPostprocessing = 0;
		};
/* End PBXFrameworksBuildPhase section */

/* Begin PBXGroup section */
		D004A52D16BC63A8001FAF9F = {
			isa = PBXGroup;
			children = (
				D032519216BDB95300B9EE03 /* libiconv.2.dylib */,
				D004A54A16BC66CD001FAF9F /* www */,
				D004A53B16BC63A8001FAF9F /* console */,
				D004A53916BC63A8001FAF9F /* Products */,
			);
			sourceTree = "<group>";
		};
		D004A53916BC63A8001FAF9F /* Products */ = {
			isa = PBXGroup;
			children = (
				D004A53816BC63A8001FAF9F /* console */,
			);
			name = Products;
			sourceTree = "<group>";
		};
		D004A53B16BC63A8001FAF9F /* console */ = {
			isa = PBXGroup;
			children = (
				D004A54516BC6403001FAF9F /* httpd */,
				D004A53C16BC63A8001FAF9F /* main.c */,
			);
			path = console;
			sourceTree = "<group>";
		};
		D004A54516BC6403001FAF9F /* httpd */ = {
			isa = PBXGroup;
			children = (
				D004A54616BC6419001FAF9F /* lh_httpd.c */,
				D004A54716BC6419001FAF9F /* lh_httpd.h */,
			);
			name = httpd;
			sourceTree = "<group>";
		};
/* End PBXGroup section */

/* Begin PBXNativeTarget section */
		D004A53716BC63A8001FAF9F /* console */ = {
			isa = PBXNativeTarget;
			buildConfigurationList = D004A54216BC63A8001FAF9F /* Build configuration list for PBXNativeTarget "console" */;
			buildPhases = (
				D004A53416BC63A8001FAF9F /* Sources */,
				D004A53516BC63A8001FAF9F /* Frameworks */,
				D004A53616BC63A8001FAF9F /* CopyFiles */,
			);
			buildRules = (
			);
			dependencies = (
			);
			name = console;
			productName = console;
			productReference = D004A53816BC63A8001FAF9F /* console */;
			productType = "com.apple.product-type.tool";
		};
/* End PBXNativeTarget section */

/* Begin PBXProject section */
		D004A52F16BC63A8001FAF9F /* Project object */ = {
			isa = PBXProject;
			attributes = {
				LastUpgradeCheck = 0450;
				ORGANIZATIONNAME = "Li Wei";
			};
			buildConfigurationList = D004A53216BC63A8001FAF9F /* Build configuration list for PBXProject "console" */;
			compatibilityVersion = "Xcode 3.2";
			developmentRegion = English;
			hasScannedForEncodings = 0;
			knownRegions = (
				en,
			);
			mainGroup = D004A52D16BC63A8001FAF9F;
			productRefGroup = D004A53916BC63A8001FAF9F /* Products */;
			projectDirPath = "";
			projectRoot = "";
			targets = (
				D004A53716BC63A8001FAF9F /* console */,
			);
		};
/* End PBXProject section */

/* Begin PBXSourcesBuildPhase section */
		D004A53416BC63A8001FAF9F /* Sources */ = {
			isa = PBXSourcesBuildPhase;
			buildActionMask = 2147483647;
			files = (
				D004A53D16BC63A8001FAF9F /* main.c in Sources */,
				D004A54816BC641A001FAF9F /* lh_httpd.c in Sources */,
			);
			runOnlyForDeploymentPostprocessing = 0;
		};
/* End PBXSourcesBuildPhase section */

/* Begin XCBuildConfiguration section */
		D004A54016BC63A8001FAF9F /* Debug */ = {
			isa = XCBuildConfiguration;
			buildSettings = {
				ALWAYS_SEARCH_USER_PATHS = NO;
				ARCHS = "$(ARCHS_STANDARD_64_BIT)";
				CLANG_CXX_LANGUAGE_STANDARD = "gnu++0x";
				CLANG_CXX_LIBRARY = "libc++";
				CLANG_WARN_EMPTY_BODY = YES;
				CLANG_WARN__DUPLICATE_METHOD_MATCH = YES;
				COPY_PHASE_STRIP = NO;
				GCC_C_LANGUAGE_STANDARD = gnu99;
				GCC_DYNAMIC_NO_PIC = NO;
				GCC_ENABLE_OBJC_EXCEPTIONS = YES;
				GCC_OPTIMIZATION_LEVEL = 0;
				GCC_PREPROCESSOR_DEFINITIONS = (
					"DEBUG=1",
					"$(inherited)",
				);
				GCC_SYMBOLS_PRIVATE_EXTERN = NO;
				GCC_WARN_64_TO_32_BIT_CONVERSION = YES;
				GCC_WARN_ABOUT_RETURN_TYPE = YES;
				GCC_WARN_UNINITIALIZED_AUTOS = YES;
				GCC_WARN_UNUSED_VARIABLE = YES;
				MACOSX_DEPLOYMENT_TARGET = 10.8;
				ONLY_ACTIVE_ARCH = YES;
				SDKROOT = macosx;
			};
			name = Debug;
		};
		D004A54116BC63A8001FAF9F /* Release */ = {
			isa = XCBuildConfiguration;
			buildSettings = {
				ALWAYS_SEARCH_USER_PATHS = NO;
				ARCHS = "$(ARCHS_STANDARD_64_BIT)";
				CLANG_CXX_LANGUAGE_STANDARD = "gnu++0x";
				CLANG_CXX_LIBRARY = "libc++";
				CLANG_WARN_EMPTY_BODY = YES;
				CLANG_WARN__DUPLICATE_METHOD_MATCH = YES;
				COPY_PHASE_STRIP = YES;
				DEBUG_INFORMATION_FORMAT = "dwarf-with-dsym";
				GCC_C_LANGUAGE_STANDARD = gnu99;
				GCC_ENABLE_OBJC_EXCEPTIONS = YES;
				GCC_WARN_64_TO_32_BIT_CONVERSION = YES;
				GCC_WARN_ABOUT_RETURN_TYPE = YES;
				GCC_WARN_UNINITIALIZED_AUTOS = YES;
				GCC_WARN_UNUSED_VARIABLE = YES;
				MACOSX_DEPLOYMENT_TARGET = 10.8;
				SDKROOT = macosx;
			};
			name = Release;
		};
		D004A54316BC63A8001FAF9F /* Debug */ = {
			isa = XCBuildConfiguration;
			buildSettings = {
				LD_RUNPATH_SEARCH_PATHS = "";
				PRODUCT_NAME = "$(TARGET_NAME)";
			};
			name = Debug;
		};
		D004A54416BC63A8001FAF9F /* Release */ = {
			isa = XCBuildConfiguration;
			buildSettings = {
				LD_RUNPATH_SEARCH_PATHS = "";
				PRODUCT_NAME = "$(TARGET_NAME)";
			};
			name = Release;
		};
/* End XCBuildConfiguration section */

/* Begin XCConfigurationList section */
		D004A53216BC63A8001FAF9F /* Build configuration list for PBXProject "console" */ = {
			isa = XCConfigurationList;
			buildConfigurations = (
				D004A54016BC63A8001FAF9F /* Debug */,
				D004A54116BC63A8001FAF9F /* Release */,
			);
			defaultConfigurationIsVisible = 0;
			defaultConfigurationName = Release;
		};
		D004A54216BC63A8001FAF9F /* Build configuration list for PBXNativeTarget "console" */ = {
			isa = XCConfigurationList;
			buildConfigurations = (
				D004A54316BC63A8001FAF9F /* Debug */,
				D004A54416BC63A8001FAF9F /* Release */,
			);
			defaultConfigurationIsVisible = 0;
			defaultConfigurationName = Release;
		};
/* End XCConfigurationList section */
	};
	rootObject = D004A52F16BC63A8001FAF9F /* Project object */;
}
